
Microsoft Visual Studio Solution File, Format Version 12.00
# Visual Studio Version 16
VisualStudioVersion = 16.0.28803.352
MinimumVisualStudioVersion = 10.0.40219.1
Project("{FAE04EC0-301F-11D3-BF4B-00C04F79EFBC}") = "DependenciesInjection", "DependenciesInjection\DependenciesInjection.csproj", "{B01831F5-C9A0-47BF-99E2-ED972E8F0891}"
EndProject
Global
	GlobalSection(SolutionConfigurationPlatforms) = preSolution
		Debug|Any CPU = Debug|Any CPU
		Release|Any CPU = Release|Any CPU
	EndGlobalSection
	GlobalSection(ProjectConfigurationPlatforms) = postSolution
		{B01831F5-C9A0-47BF-99E2-ED972E8F0891}.Debug|Any CPU.ActiveCfg = Debug|Any CPU
		{B01831F5-C9A0-47BF-99E2-ED972E8F0891}.Debug|Any CPU.Build.0 = Debug|Any CPU
		{B01831F5-C9A0-47BF-99E2-ED972E8F0891}.Release|Any CPU.ActiveCfg = Release|Any CPU
		{B01831F5-C9A0-47BF-99E2-ED972E8F0891}.Release|Any CPU.Build.0 = Release|Any CPU
	EndGlobalSection
	GlobalSection(SolutionProperties) = preSolution
		HideSolutionNode = FALSE
	EndGlobalSection
	GlobalSection(ExtensibilityGlobals) = postSolution
		SolutionGuid = {A8B9A408-D22D-403B-9964-72C70E0D2B4E}
	EndGlobalSection
EndGlobal
